// !$*UTF8*$!
{
	archiveVersion = 1;
	classes = {
	};
	objectVersion = 46;
	objects = {

/* Begin PBXBuildFile section */
		29AEB7381B6AFA9C00586437 /* main.m in Sources */ = {isa = PBXBuildFile; fileRef = 29AEB7371B6AFA9C00586437 /* main.m */; };
		29AEB73B1B6AFA9C00586437 /* AppDelegate.m in Sources */ = {isa = PBXBuildFile; fileRef = 29AEB73A1B6AFA9C00586437 /* AppDelegate.m */; };
		29AEB73E1B6AFA9C00586437 /* ViewController.m in Sources */ = {isa = PBXBuildFile; fileRef = 29AEB73D1B6AFA9C00586437 /* ViewController.m */; };
		29AEB7411B6AFA9C00586437 /* Main.storyboard in Resources */ = {isa = PBXBuildFile; fileRef = 29AEB73F1B6AFA9C00586437 /* Main.storyboard */; };
		29AEB7431B6AFA9C00586437 /* Images.xcassets in Resources */ = {isa = PBXBuildFile; fileRef = 29AEB7421B6AFA9C00586437 /* Images.xcassets */; };
		29AEB7461B6AFA9C00586437 /* LaunchScreen.xib in Resources */ = {isa = PBXBuildFile; fileRef = 29AEB7441B6AFA9C00586437 /* LaunchScreen.xib */; };
		29AEB7521B6AFA9C00586437 /* __31_0____Tests.m in Sources */ = {isa = PBXBuildFile; fileRef = 29AEB7511B6AFA9C00586437 /* __31_0____Tests.m */; };
		29AEB7601B6AFF5E00586437 /* MyView.m in Sources */ = {isa = PBXBuildFile; fileRef = 29AEB75F1B6AFF5E00586437 /* MyView.m */; };
/* End PBXBuildFile section */

/* Begin PBXContainerItemProxy section */
		29AEB74C1B6AFA9C00586437 /* PBXContainerItemProxy */ = {
			isa = PBXContainerItemProxy;
			containerPortal = 29AEB72A1B6AFA9B00586437 /* Project object */;
			proxyType = 1;
			remoteGlobalIDString = 29AEB7311B6AFA9B00586437;
			remoteInfo = "7.31.0响应者链";
		};
/* End PBXContainerItemProxy section */

/* Begin PBXFileReference section */
		29AEB7321B6AFA9B00586437 /* 7.31.0响应者链.app */ = {isa = PBXFileReference; explicitFileType = wrapper.application; includeInIndex = 0; path = "7.31.0响应者链.app"; sourceTree = BUILT_PRODUCTS_DIR; };
		29AEB7361B6AFA9C00586437 /* Info.plist */ = {isa = PBXFileReference; lastKnownFileType = text.plist.xml; path = Info.plist; sourceTree = "<group>"; };
		29AEB7371B6AFA9C00586437 /* main.m */ = {isa = PBXFileReference; lastKnownFileType = sourcecode.c.objc; path = main.m; sourceTree = "<group>"; };
		29AEB7391B6AFA9C00586437 /* AppDelegate.h */ = {isa = PBXFileReference; lastKnownFileType = sourcecode.c.h; path = AppDelegate.h; sourceTree = "<group>"; };
		29AEB73A1B6AFA9C00586437 /* AppDelegate.m */ = {isa = PBXFileReference; lastKnownFileType = sourcecode.c.objc; path = AppDelegate.m; sourceTree = "<group>"; };
		29AEB73C1B6AFA9C00586437 /* ViewController.h */ = {isa = PBXFileReference; lastKnownFileType = sourcecode.c.h; path = ViewController.h; sourceTree = "<group>"; };
		29AEB73D1B6AFA9C00586437 /* ViewController.m */ = {isa = PBXFileReference; lastKnownFileType = sourcecode.c.objc; path = ViewController.m; sourceTree = "<group>"; };
		29AEB7401B6AFA9C00586437 /* Base */ = {isa = PBXFileReference; lastKnownFileType = file.storyboard; name = Base; path = Base.lproj/Main.storyboard; sourceTree = "<group>"; };
		29AEB7421B6AFA9C00586437 /* Images.xcassets */ = {isa = PBXFileReference; lastKnownFileType = folder.assetcatalog; path = Images.xcassets; sourceTree = "<group>"; };
		29AEB7451B6AFA9C00586437 /* Base */ = {isa = PBXFileReference; lastKnownFileType = file.xib; name = Base; path = Base.lproj/LaunchScreen.xib; sourceTree = "<group>"; };
		29AEB74B1B6AFA9C00586437 /* 7.31.0响应者链Tests.xctest */ = {isa = PBXFileReference; explicitFileType = wrapper.cfbundle; includeInIndex = 0; path = "7.31.0响应者链Tests.xctest"; sourceTree = BUILT_PRODUCTS_DIR; };
		29AEB7501B6AFA9C00586437 /* Info.plist */ = {isa = PBXFileReference; lastKnownFileType = text.plist.xml; path = Info.plist; sourceTree = "<group>"; };
		29AEB7511B6AFA9C00586437 /* __31_0____Tests.m */ = {isa = PBXFileReference; lastKnownFileType = sourcecode.c.objc; path = "__31_0____Tests.m"; sourceTree = "<group>"; };
		29AEB75E1B6AFF5E00586437 /* MyView.h */ = {isa = PBXFileReference; fileEncoding = 4; lastKnownFileType = sourcecode.c.h; path = MyView.h; sourceTree = "<group>"; };
		29AEB75F1B6AFF5E00586437 /* MyView.m */ = {isa = PBXFileReference; fileEncoding = 4; lastKnownFileType = sourcecode.c.objc; path = MyView.m; sourceTree = "<group>"; };
/* End PBXFileReference section */

/* Begin PBXFrameworksBuildPhase section */
		29AEB72F1B6AFA9B00586437 /* Frameworks */ = {
			isa = PBXFrameworksBuildPhase;
			buildActionMask = 2147483647;
			files = (
			);
			runOnlyForDeploymentPostprocessing = 0;
		};
		29AEB7481B6AFA9C00586437 /* Frameworks */ = {
			isa = PBXFrameworksBuildPhase;
			buildActionMask = 2147483647;
			files = (
			);
			runOnlyForDeploymentPostprocessing = 0;
		};
/* End PBXFrameworksBuildPhase section */

/* Begin PBXGroup section */
		29AEB7291B6AFA9B00586437 = {
			isa = PBXGroup;
			children = (
				29AEB75E1B6AFF5E00586437 /* MyView.h */,
				29AEB75F1B6AFF5E00586437 /* MyView.m */,
				29AEB7341B6AFA9B00586437 /* 7.31.0响应者链 */,
				29AEB74E1B6AFA9C00586437 /* 7.31.0响应者链Tests */,
				29AEB7331B6AFA9B00586437 /* Products */,
			);
			sourceTree = "<group>";
		};
		29AEB7331B6AFA9B00586437 /* Products */ = {
			isa = PBXGroup;
			children = (
				29AEB7321B6AFA9B00586437 /* 7.31.0响应者链.app */,
				29AEB74B1B6AFA9C00586437 /* 7.31.0响应者链Tests.xctest */,
			);
			name = Products;
			sourceTree = "<group>";
		};
		29AEB7341B6AFA9B00586437 /* 7.31.0响应者链 */ = {
			isa = PBXGroup;
			children = (
				29AEB7391B6AFA9C00586437 /* AppDelegate.h */,
				29AEB73A1B6AFA9C00586437 /* AppDelegate.m */,
				29AEB73C1B6AFA9C00586437 /* ViewController.h */,
				29AEB73D1B6AFA9C00586437 /* ViewController.m */,
				29AEB73F1B6AFA9C00586437 /* Main.storyboard */,
				29AEB7421B6AFA9C00586437 /* Images.xcassets */,
				29AEB7441B6AFA9C00586437 /* LaunchScreen.xib */,
				29AEB7351B6AFA9B00586437 /* Supporting Files */,
			);
			path = "7.31.0响应者链";
			sourceTree = "<group>";
		};
		29AEB7351B6AFA9B00586437 /* Supporting Files */ = {
			isa = PBXGroup;
			children = (
				29AEB7361B6AFA9C00586437 /* Info.plist */,
				29AEB7371B6AFA9C00586437 /* main.m */,
			);
			name = "Supporting Files";
			sourceTree = "<group>";
		};
		29AEB74E1B6AFA9C00586437 /* 7.31.0响应者链Tests */ = {
			isa = PBXGroup;
			children = (
				29AEB7511B6AFA9C00586437 /* __31_0____Tests.m */,
				29AEB74F1B6AFA9C00586437 /* Supporting Files */,
			);
			path = "7.31.0响应者链Tests";
			sourceTree = "<group>";
		};
		29AEB74F1B6AFA9C00586437 /* Supporting Files */ = {
			isa = PBXGroup;
			children = (
				29AEB7501B6AFA9C00586437 /* Info.plist */,
			);
			name = "Supporting Files";
			sourceTree = "<group>";
		};
/* End PBXGroup section */

/* Begin PBXNativeTarget section */
		29AEB7311B6AFA9B00586437 /* 7.31.0响应者链 */ = {
			isa = PBXNativeTarget;
			buildConfigurationList = 29AEB7551B6AFA9C00586437 /* Build configuration list for PBXNativeTarget "7.31.0响应者链" */;
			buildPhases = (
				29AEB72E1B6AFA9B00586437 /* Sources */,
				29AEB72F1B6AFA9B00586437 /* Frameworks */,
				29AEB7301B6AFA9B00586437 /* Resources */,
			);
			buildRules = (
			);
			dependencies = (
			);
			name = "7.31.0响应者链";
			productName = "7.31.0响应者链";
			productReference = 29AEB7321B6AFA9B00586437 /* 7.31.0响应者链.app */;
			productType = "com.apple.product-type.application";
		};
		29AEB74A1B6AFA9C00586437 /* 7.31.0响应者链Tests */ = {
			isa = PBXNativeTarget;
			buildConfigurationList = 29AEB7581B6AFA9C00586437 /* Build configuration list for PBXNativeTarget "7.31.0响应者链Tests" */;
			buildPhases = (
				29AEB7471B6AFA9C00586437 /* Sources */,
				29AEB7481B6AFA9C00586437 /* Frameworks */,
				29AEB7491B6AFA9C00586437 /* Resources */,
			);
			buildRules = (
			);
			dependencies = (
				29AEB74D1B6AFA9C00586437 /* PBXTargetDependency */,
			);
			name = "7.31.0响应者链Tests";
			productName = "7.31.0响应者链Tests";
			productReference = 29AEB74B1B6AFA9C00586437 /* 7.31.0响应者链Tests.xctest */;
			productType = "com.apple.product-type.bundle.unit-test";
		};
/* End PBXNativeTarget section */

/* Begin PBXProject section */
		29AEB72A1B6AFA9B00586437 /* Project object */ = {
			isa = PBXProject;
			attributes = {
				LastUpgradeCheck = 0630;
				ORGANIZATIONNAME = "山东农大小苹果";
				TargetAttributes = {
					29AEB7311B6AFA9B00586437 = {
						CreatedOnToolsVersion = 6.3;
					};
					29AEB74A1B6AFA9C00586437 = {
						CreatedOnToolsVersion = 6.3;
						TestTargetID = 29AEB7311B6AFA9B00586437;
					};
				};
			};
			buildConfigurationList = 29AEB72D1B6AFA9B00586437 /* Build configuration list for PBXProject "7.31.0响应者链" */;
			compatibilityVersion = "Xcode 3.2";
			developmentRegion = English;
			hasScannedForEncodings = 0;
			knownRegions = (
				en,
				Base,
			);
			mainGroup = 29AEB7291B6AFA9B00586437;
			productRefGroup = 29AEB7331B6AFA9B00586437 /* Products */;
			projectDirPath = "";
			projectRoot = "";
			targets = (
				29AEB7311B6AFA9B00586437 /* 7.31.0响应者链 */,
				29AEB74A1B6AFA9C00586437 /* 7.31.0响应者链Tests */,
			);
		};
/* End PBXProject section */

/* Begin PBXResourcesBuildPhase section */
		29AEB7301B6AFA9B00586437 /* Resources */ = {
			isa = PBXResourcesBuildPhase;
			buildActionMask = 2147483647;
			files = (
				29AEB7411B6AFA9C00586437 /* Main.storyboard in Resources */,
				29AEB7461B6AFA9C00586437 /* LaunchScreen.xib in Resources */,
				29AEB7431B6AFA9C00586437 /* Images.xcassets in Resources */,
			);
			runOnlyForDeploymentPostprocessing = 0;
		};
		29AEB7491B6AFA9C00586437 /* Resources */ = {
			isa = PBXResourcesBuildPhase;
			buildActionMask = 2147483647;
			files = (
			);
			runOnlyForDeploymentPostprocessing = 0;
		};
/* End PBXResourcesBuildPhase section */

/* Begin PBXSourcesBuildPhase section */
		29AEB72E1B6AFA9B00586437 /* Sources */ = {
			isa = PBXSourcesBuildPhase;
			buildActionMask = 2147483647;
			files = (
				29AEB7601B6AFF5E00586437 /* MyView.m in Sources */,
				29AEB73E1B6AFA9C00586437 /* ViewController.m in Sources */,
				29AEB73B1B6AFA9C00586437 /* AppDelegate.m in Sources */,
				29AEB7381B6AFA9C00586437 /* main.m in Sources */,
			);
			runOnlyForDeploymentPostprocessing = 0;
		};
		29AEB7471B6AFA9C00586437 /* Sources */ = {
			isa = PBXSourcesBuildPhase;
			buildActionMask = 2147483647;
			files = (
				29AEB7521B6AFA9C00586437 /* __31_0____Tests.m in Sources */,
			);
			runOnlyForDeploymentPostprocessing = 0;
		};
/* End PBXSourcesBuildPhase section */

/* Begin PBXTargetDependency section */
		29AEB74D1B6AFA9C00586437 /* PBXTargetDependency */ = {
			isa = PBXTargetDependency;
			target = 29AEB7311B6AFA9B00586437 /* 7.31.0响应者链 */;
			targetProxy = 29AEB74C1B6AFA9C00586437 /* PBXContainerItemProxy */;
		};
/* End PBXTargetDependency section */

/* Begin PBXVariantGroup section */
		29AEB73F1B6AFA9C00586437 /* Main.storyboard */ = {
			isa = PBXVariantGroup;
			children = (
				29AEB7401B6AFA9C00586437 /* Base */,
			);
			name = Main.storyboard;
			sourceTree = "<group>";
		};
		29AEB7441B6AFA9C00586437 /* LaunchScreen.xib */ = {
			isa = PBXVariantGroup;
			children = (
				29AEB7451B6AFA9C00586437 /* Base */,
			);
			name = LaunchScreen.xib;
			sourceTree = "<group>";
		};
/* End PBXVariantGroup section */

/* Begin XCBuildConfiguration section */
		29AEB7531B6AFA9C00586437 /* Debug */ = {
			isa = XCBuildConfiguration;
			buildSettings = {
				ALWAYS_SEARCH_USER_PATHS = NO;
				CLANG_CXX_LANGUAGE_STANDARD = "gnu++0x";
				CLANG_CXX_LIBRARY = "libc++";
				CLANG_ENABLE_MODULES = YES;
				CLANG_ENABLE_OBJC_ARC = YES;
				CLANG_WARN_BOOL_CONVERSION = YES;
				CLANG_WARN_CONSTANT_CONVERSION = YES;
				CLANG_WARN_DIRECT_OBJC_ISA_USAGE = YES_ERROR;
				CLANG_WARN_EMPTY_BODY = YES;
				CLANG_WARN_ENUM_CONVERSION = YES;
				CLANG_WARN_INT_CONVERSION = YES;
				CLANG_WARN_OBJC_ROOT_CLASS = YES_ERROR;
				CLANG_WARN_UNREACHABLE_CODE = YES;
				CLANG_WARN__DUPLICATE_METHOD_MATCH = YES;
				"CODE_SIGN_IDENTITY[sdk=iphoneos*]" = "iPhone Developer";
				COPY_PHASE_STRIP = NO;
				DEBUG_INFORMATION_FORMAT = "dwarf-with-dsym";
				ENABLE_STRICT_OBJC_MSGSEND = YES;
				GCC_C_LANGUAGE_STANDARD = gnu99;
				GCC_DYNAMIC_NO_PIC = NO;
				GCC_NO_COMMON_BLOCKS = YES;
				GCC_OPTIMIZATION_LEVEL = 0;
				GCC_PREPROCESSOR_DEFINITIONS = (
					"DEBUG=1",
					"$(inherited)",
				);
				GCC_SYMBOLS_PRIVATE_EXTERN = NO;
				GCC_WARN_64_TO_32_BIT_CONVERSION = YES;
				GCC_WARN_ABOUT_RETURN_TYPE = YES_ERROR;
				GCC_WARN_UNDECLARED_SELECTOR = YES;
				GCC_WARN_UNINITIALIZED_AUTOS = YES_AGGRESSIVE;
				GCC_WARN_UNUSED_FUNCTION = YES;
				GCC_WARN_UNUSED_VARIABLE = YES;
				IPHONEOS_DEPLOYMENT_TARGET = 8.3;
				MTL_ENABLE_DEBUG_INFO = YES;
				ONLY_ACTIVE_ARCH = YES;
				SDKROOT = iphoneos;
			};
			name = Debug;
		};
		29AEB7541B6AFA9C00586437 /* Release */ = {
			isa = XCBuildConfiguration;
			buildSettings = {
				ALWAYS_SEARCH_USER_PATHS = NO;
				CLANG_CXX_LANGUAGE_STANDARD = "gnu++0x";
				CLANG_CXX_LIBRARY = "libc++";
				CLANG_ENABLE_MODULES = YES;
				CLANG_ENABLE_OBJC_ARC = YES;
				CLANG_WARN_BOOL_CONVERSION = YES;
				CLANG_WARN_CONSTANT_CONVERSION = YES;
				CLANG_WARN_DIRECT_OBJC_ISA_USAGE = YES_ERROR;
				CLANG_WARN_EMPTY_BODY = YES;
				CLANG_WARN_ENUM_CONVERSION = YES;
				CLANG_WARN_INT_CONVERSION = YES;
				CLANG_WARN_OBJC_ROOT_CLASS = YES_ERROR;
				CLANG_WARN_UNREACHABLE_CODE = YES;
				CLANG_WARN__DUPLICATE_METHOD_MATCH = YES;
				"CODE_SIGN_IDENTITY[sdk=iphoneos*]" = "iPhone Developer";
				COPY_PHASE_STRIP = NO;
				DEBUG_INFORMATION_FORMAT = "dwarf-with-dsym";
				ENABLE_NS_ASSERTIONS = NO;
				ENABLE_STRICT_OBJC_MSGSEND = YES;
				GCC_C_LANGUAGE_STANDARD = gnu99;
				GCC_NO_COMMON_BLOCKS = YES;
				GCC_WARN_64_TO_32_BIT_CONVERSION = YES;
				GCC_WARN_ABOUT_RETURN_TYPE = YES_ERROR;
				GCC_WARN_UNDECLARED_SELECTOR = YES;
				GCC_WARN_UNINITIALIZED_AUTOS = YES_AGGRESSIVE;
				GCC_WARN_UNUSED_FUNCTION = YES;
				GCC_WARN_UNUSED_VARIABLE = YES;
				IPHONEOS_DEPLOYMENT_TARGET = 8.3;
				MTL_ENABLE_DEBUG_INFO = NO;
				SDKROOT = iphoneos;
				VALIDATE_PRODUCT = YES;
			};
			name = Release;
		};
		29AEB7561B6AFA9C00586437 /* Debug */ = {
			isa = XCBuildConfiguration;
			buildSettings = {
				ASSETCATALOG_COMPILER_APPICON_NAME = AppIcon;
				INFOPLIST_FILE = "7.31.0响应者链/Info.plist";
				LD_RUNPATH_SEARCH_PATHS = "$(inherited) @executable_path/Frameworks";
				PRODUCT_NAME = "$(TARGET_NAME)";
			};
			name = Debug;
		};
		29AEB7571B6AFA9C00586437 /* Release */ = {
			isa = XCBuildConfiguration;
			buildSettings = {
				ASSETCATALOG_COMPILER_APPICON_NAME = AppIcon;
				INFOPLIST_FILE = "7.31.0响应者链/Info.plist";
				LD_RUNPATH_SEARCH_PATHS = "$(inherited) @executable_path/Frameworks";
				PRODUCT_NAME = "$(TARGET_NAME)";
			};
			name = Release;
		};
		29AEB7591B6AFA9C00586437 /* Debug */ = {
			isa = XCBuildConfiguration;
			buildSettings = {
				BUNDLE_LOADER = "$(TEST_HOST)";
				FRAMEWORK_SEARCH_PATHS = (
					"$(SDKROOT)/Developer/Library/Frameworks",
					"$(inherited)",
				);
				GCC_PREPROCESSOR_DEFINITIONS = (
					"DEBUG=1",
					"$(inherited)",
				);
				INFOPLIST_FILE = "7.31.0响应者链Tests/Info.plist";
				LD_RUNPATH_SEARCH_PATHS = "$(inherited) @executable_path/Frameworks @loader_path/Frameworks";
				PRODUCT_NAME = "$(TARGET_NAME)";
				TEST_HOST = "$(BUILT_PRODUCTS_DIR)/7.31.0响应者链.app/7.31.0响应者链";
			};
			name = Debug;
		};
		29AEB75A1B6AFA9C00586437 /* Release */ = {
			isa = XCBuildConfiguration;
			buildSettings = {
				BUNDLE_LOADER = "$(TEST_HOST)";
				FRAMEWORK_SEARCH_PATHS = (
					"$(SDKROOT)/Developer/Library/Frameworks",
					"$(inherited)",
				);
				INFOPLIST_FILE = "7.31.0响应者链Tests/Info.plist";
				LD_RUNPATH_SEARCH_PATHS = "$(inherited) @executable_path/Frameworks @loader_path/Frameworks";
				PRODUCT_NAME = "$(TARGET_NAME)";
				TEST_HOST = "$(BUILT_PRODUCTS_DIR)/7.31.0响应者链.app/7.31.0响应者链";
			};
			name = Release;
		};
/* End XCBuildConfiguration section */

/* Begin XCConfigurationList section */
		29AEB72D1B6AFA9B00586437 /* Build configuration list for PBXProject "7.31.0响应者链" */ = {
			isa = XCConfigurationList;
			buildConfigurations = (
				29AEB7531B6AFA9C00586437 /* Debug */,
				29AEB7541B6AFA9C00586437 /* Release */,
			);
			defaultConfigurationIsVisible = 0;
			defaultConfigurationName = Release;
		};
		29AEB7551B6AFA9C00586437 /* Build configuration list for PBXNativeTarget "7.31.0响应者链" */ = {
			isa = XCConfigurationList;
			buildConfigurations = (
				29AEB7561B6AFA9C00586437 /* Debug */,
				29AEB7571B6AFA9C00586437 /* Release */,
			);
			defaultConfigurationIsVisible = 0;
		};
		29AEB7581B6AFA9C00586437 /* Build configuration list for PBXNativeTarget "7.31.0响应者链Tests" */ = {
			isa = XCConfigurationList;
			buildConfigurations = (
				29AEB7591B6AFA9C00586437 /* Debug */,
				29AEB75A1B6AFA9C00586437 /* Release */,
			);
			defaultConfigurationIsVisible = 0;
		};
/* End XCConfigurationList section */
	};
	rootObject = 29AEB72A1B6AFA9B00586437 /* Project object */;
}
